
Microsoft Visual Studio Solution File, Format Version 12.00
# Visual Studio Version 16
VisualStudioVersion = 16.0.29613.14
MinimumVisualStudioVersion = 10.0.40219.1
Project("{FAE04EC0-301F-11D3-BF4B-00C04F79EFBC}") = "Dependency", "Dependency.csproj", "{E9DB7610-85A0-4F6E-877A-34AE7FF039F8}"
EndProject
Global
	GlobalSection(SolutionConfigurationPlatforms) = preSolution
		Debug|Any CPU = Debug|Any CPU
		Release|Any CPU = Release|Any CPU
	EndGlobalSection
	GlobalSection(ProjectConfigurationPlatforms) = postSolution
		{E9DB7610-85A0-4F6E-877A-34AE7FF039F8}.Debug|Any CPU.ActiveCfg = Debug|Any CPU
		{E9DB7610-85A0-4F6E-877A-34AE7FF039F8}.Debug|Any CPU.Build.0 = Debug|Any CPU
		{E9DB7610-85A0-4F6E-877A-34AE7FF039F8}.Release|Any CPU.ActiveCfg = Release|Any CPU
		{E9DB7610-85A0-4F6E-877A-34AE7FF039F8}.Release|Any CPU.Build.0 = Release|Any CPU
	EndGlobalSection
	GlobalSection(SolutionProperties) = preSolution
		HideSolutionNode = FALSE
	EndGlobalSection
	GlobalSection(ExtensibilityGlobals) = postSolution
		SolutionGuid = {1B5842E3-6B4C-4124-B857-8125EC44043D}
	EndGlobalSection
EndGlobal
